# This file is auto-generated by `forge deps`. Do not edit by hand.
# Generated by Forge 0.1.0

[manifest_hash]
value = "sha256:8ff51438720432b00b32d12a3a5b238305de362588d39883fa92975935b5996a"

[[package]]
name   = "depot"
source = "path:../../../../depot/.claude/worktrees/confident-archimedes"
hash   = "sha256:5cd99c947722b962ab19573af3301b683c6b4577f2d0cf4589c51342d3866a2d"
